
Microsoft Visual Studio Solution File, Format Version 10.00
# Visual Studio 2008
Project("{FAE04EC0-301F-11D3-BF4B-00C04F79EFBC}") = "Group3", "Group3\Group3.csproj", "{68459C4C-32DD-4BE0-984B-322CDB34DFBE}"
EndProject
Global
	GlobalSection(SolutionConfigurationPlatforms) = preSolution
		Debug|Any CPU = Debug|Any CPU
		Release|Any CPU = Release|Any CPU
	EndGlobalSection
	GlobalSection(ProjectConfigurationPlatforms) = postSolution
		{68459C4C-32DD-4BE0-984B-322CDB34DFBE}.Debug|Any CPU.ActiveCfg = Debug|Any CPU
		{68459C4C-32DD-4BE0-984B-322CDB34DFBE}.Debug|Any CPU.Build.0 = Debug|Any CPU
		{68459C4C-32DD-4BE0-984B-322CDB34DFBE}.Release|Any CPU.ActiveCfg = Release|Any CPU
		{68459C4C-32DD-4BE0-984B-322CDB34DFBE}.Release|Any CPU.Build.0 = Release|Any CPU
	EndGlobalSection
	GlobalSection(SolutionProperties) = preSolution
		HideSolutionNode = FALSE
	EndGlobalSection
EndGlobal
